
Microsoft Visual Studio Solution File, Format Version 12.00
# Visual Studio 15
VisualStudioVersion = 15.0.28010.2026
MinimumVisualStudioVersion = 10.0.40219.1
Project("{FAE04EC0-301F-11D3-BF4B-00C04F79EFBC}") = "Nagger.Console", "Nagger\Nagger.Console.csproj", "{293A2A3E-090D-4EB4-A6FA-C3329B792E69}"
EndProject
Project("{FAE04EC0-301F-11D3-BF4B-00C04F79EFBC}") = "Nagger.Models", "Nagger.Models\Nagger.Models.csproj", "{E9A962FD-AE0B-40F9-9BB1-0D2E83DB21FD}"
EndProject
Project("{FAE04EC0-301F-11D3-BF4B-00C04F79EFBC}") = "Nagger.Interfaces", "Nagger.Interfaces\Nagger.Interfaces.csproj", "{B6E0E8E1-438E-4A98-9382-364A478F149D}"
EndProject
Project("{FAE04EC0-301F-11D3-BF4B-00C04F79EFBC}") = "Nagger.Services", "Nagger.Services\Nagger.Services.csproj", "{23A0BFD0-1EF1-4CEF-A5C9-41834BAF44AF}"
EndProject
Project("{FAE04EC0-301F-11D3-BF4B-00C04F79EFBC}") = "Nagger.Data", "Nagger.Data\Nagger.Data.csproj", "{BFC1A531-425D-41B4-B23E-E40B1BB81C39}"
EndProject
Project("{FAE04EC0-301F-11D3-BF4B-00C04F79EFBC}") = "Nagger.Extensions", "Nagger.Extensions\Nagger.Extensions.csproj", "{00D0F70A-2354-44D5-B0D1-C900D0380923}"
EndProject
Global
	GlobalSection(SolutionConfigurationPlatforms) = preSolution
		Debug|Any CPU = Debug|Any CPU
		Release|Any CPU = Release|Any CPU
	EndGlobalSection
	GlobalSection(ProjectConfigurationPlatforms) = postSolution
		{293A2A3E-090D-4EB4-A6FA-C3329B792E69}.Debug|Any CPU.ActiveCfg = Debug|Any CPU
		{293A2A3E-090D-4EB4-A6FA-C3329B792E69}.Debug|Any CPU.Build.0 = Debug|Any CPU
		{293A2A3E-090D-4EB4-A6FA-C3329B792E69}.Release|Any CPU.ActiveCfg = Release|Any CPU
		{293A2A3E-090D-4EB4-A6FA-C3329B792E69}.Release|Any CPU.Build.0 = Release|Any CPU
		{E9A962FD-AE0B-40F9-9BB1-0D2E83DB21FD}.Debug|Any CPU.ActiveCfg = Debug|Any CPU
		{E9A962FD-AE0B-40F9-9BB1-0D2E83DB21FD}.Debug|Any CPU.Build.0 = Debug|Any CPU
		{E9A962FD-AE0B-40F9-9BB1-0D2E83DB21FD}.Release|Any CPU.ActiveCfg = Release|Any CPU
		{E9A962FD-AE0B-40F9-9BB1-0D2E83DB21FD}.Release|Any CPU.Build.0 = Release|Any CPU
		{B6E0E8E1-438E-4A98-9382-364A478F149D}.Debug|Any CPU.ActiveCfg = Debug|Any CPU
		{B6E0E8E1-438E-4A98-9382-364A478F149D}.Debug|Any CPU.Build.0 = Debug|Any CPU
		{B6E0E8E1-438E-4A98-9382-364A478F149D}.Release|Any CPU.ActiveCfg = Release|Any CPU
		{B6E0E8E1-438E-4A98-9382-364A478F149D}.Release|Any CPU.Build.0 = Release|Any CPU
		{23A0BFD0-1EF1-4CEF-A5C9-41834BAF44AF}.Debug|Any CPU.ActiveCfg = Debug|Any CPU
		{23A0BFD0-1EF1-4CEF-A5C9-41834BAF44AF}.Debug|Any CPU.Build.0 = Debug|Any CPU
		{23A0BFD0-1EF1-4CEF-A5C9-41834BAF44AF}.Release|Any CPU.ActiveCfg = Release|Any CPU
		{23A0BFD0-1EF1-4CEF-A5C9-41834BAF44AF}.Release|Any CPU.Build.0 = Release|Any CPU
		{BFC1A531-425D-41B4-B23E-E40B1BB81C39}.Debug|Any CPU.ActiveCfg = Debug|Any CPU
		{BFC1A531-425D-41B4-B23E-E40B1BB81C39}.Debug|Any CPU.Build.0 = Debug|Any CPU
		{BFC1A531-425D-41B4-B23E-E40B1BB81C39}.Release|Any CPU.ActiveCfg = Release|Any CPU
		{BFC1A531-425D-41B4-B23E-E40B1BB81C39}.Release|Any CPU.Build.0 = Release|Any CPU
		{00D0F70A-2354-44D5-B0D1-C900D0380923}.Debug|Any CPU.ActiveCfg = Debug|Any CPU
		{00D0F70A-2354-44D5-B0D1-C900D0380923}.Debug|Any CPU.Build.0 = Debug|Any CPU
		{00D0F70A-2354-44D5-B0D1-C900D0380923}.Release|Any CPU.ActiveCfg = Release|Any CPU
		{00D0F70A-2354-44D5-B0D1-C900D0380923}.Release|Any CPU.Build.0 = Release|Any CPU
	EndGlobalSection
	GlobalSection(SolutionProperties) = preSolution
		HideSolutionNode = FALSE
	EndGlobalSection
	GlobalSection(ExtensibilityGlobals) = postSolution
		SolutionGuid = {C75CEB4F-1811-4E87-846C-15B9BE86DBBE}
	EndGlobalSection
EndGlobal
